PODS:
  - eleeye_engine (0.0.1):
    - Flutter
  - Flutter (1.0.0)

DEPENDENCIES:
  - eleeye_engine (from `.symlinks/plugins/eleeye_engine/ios`)
  - Flutter (from `Flutter`)

EXTERNAL SOURCES:
  eleeye_engine:
    :path: ".symlinks/plugins/eleeye_engine/ios"
  Flutter:
    :path: Flutter

SPEC CHECKSUMS:
  eleeye_engine: 0f98e2938fa36a794800179b802faa83fdbc298d
  Flutter: f04841e97a9d0b0a8025694d0796dd46242b2854

PODFILE CHECKSUM: 663715e941f9adb426e33bf9376914006f9ea95b

COCOAPODS: 1.11.3
