PODS:
  - audio_session (0.0.1):
    - Flutter
  - audioplayers_darwin (0.0.1):
    - Flutter
  - challenger_engine (0.0.1):
    - Flutter
  - eleeye_engine (0.0.1):
    - Flutter
  - Flutter (1.0.0)
  - in_app_review (0.2.0):
    - Flutter
  - just_audio (0.0.1):
    - Flutter
  - package_info_plus (0.4.5):
    - Flutter
  - path_provider_ios (0.0.1):
    - Flutter
  - pikafish_engine (0.0.1):
    - Flutter
  - url_launcher_ios (0.0.1):
    - Flutter
  - wakelock (0.0.1):
    - Flutter

DEPENDENCIES:
  - audio_session (from `.symlinks/plugins/audio_session/ios`)
  - audioplayers_darwin (from `.symlinks/plugins/audioplayers_darwin/ios`)
  - challenger_engine (from `.symlinks/plugins/challenger_engine/ios`)
  - eleeye_engine (from `.symlinks/plugins/eleeye_engine/ios`)
  - Flutter (from `Flutter`)
  - in_app_review (from `.symlinks/plugins/in_app_review/ios`)
  - just_audio (from `.symlinks/plugins/just_audio/ios`)
  - package_info_plus (from `.symlinks/plugins/package_info_plus/ios`)
  - path_provider_ios (from `.symlinks/plugins/path_provider_ios/ios`)
  - pikafish_engine (from `.symlinks/plugins/pikafish_engine/ios`)
  - url_launcher_ios (from `.symlinks/plugins/url_launcher_ios/ios`)
  - wakelock (from `.symlinks/plugins/wakelock/ios`)

EXTERNAL SOURCES:
  audio_session:
    :path: ".symlinks/plugins/audio_session/ios"
  audioplayers_darwin:
    :path: ".symlinks/plugins/audioplayers_darwin/ios"
  challenger_engine:
    :path: ".symlinks/plugins/challenger_engine/ios"
  eleeye_engine:
    :path: ".symlinks/plugins/eleeye_engine/ios"
  Flutter:
    :path: Flutter
  in_app_review:
    :path: ".symlinks/plugins/in_app_review/ios"
  just_audio:
    :path: ".symlinks/plugins/just_audio/ios"
  package_info_plus:
    :path: ".symlinks/plugins/package_info_plus/ios"
  path_provider_ios:
    :path: ".symlinks/plugins/path_provider_ios/ios"
  pikafish_engine:
    :path: ".symlinks/plugins/pikafish_engine/ios"
  url_launcher_ios:
    :path: ".symlinks/plugins/url_launcher_ios/ios"
  wakelock:
    :path: ".symlinks/plugins/wakelock/ios"

SPEC CHECKSUMS:
  audio_session: 4f3e461722055d21515cf3261b64c973c062f345
  audioplayers_darwin: 877d9a4d06331c5c374595e46e16453ac7eafa40
  challenger_engine: 2d6edd45cb8a2fef301dc4112173fe5a4128a982
  eleeye_engine: 0f98e2938fa36a794800179b802faa83fdbc298d
  Flutter: f04841e97a9d0b0a8025694d0796dd46242b2854
  in_app_review: 4a97249f7a2f539a0f294c2d9196b7fe35e49541
  just_audio: baa7252489dbcf47a4c7cc9ca663e9661c99aafa
  package_info_plus: 6c92f08e1f853dc01228d6f553146438dafcd14e
  path_provider_ios: 14f3d2fd28c4fdb42f44e0f751d12861c43cee02
  pikafish_engine: 5f825a72b8e253d4a4bfa41f6b1b30c76d962b41
  url_launcher_ios: 839c58cdb4279282219f5e248c3321761ff3c4de
  wakelock: d0fc7c864128eac40eba1617cb5264d9c940b46f

PODFILE CHECKSUM: 37456efd15d5aae4a37269f09fa7c857b2d0c736

COCOAPODS: 1.11.3
